
Microsoft Visual Studio Solution File, Format Version 12.00
# Visual Studio Version 17
VisualStudioVersion = 17.7.34221.43
MinimumVisualStudioVersion = 10.0.40219.1
Project("{888888A0-9F3D-457C-B088-3A5042F75D52}") = "images", "images\images.pyproj", "{5FB6C6F8-F354-44D4-A082-436FB10F65BE}"
EndProject
Global
	GlobalSection(SolutionConfigurationPlatforms) = preSolution
		Debug|Any CPU = Debug|Any CPU
		Release|Any CPU = Release|Any CPU
	EndGlobalSection
	GlobalSection(ProjectConfigurationPlatforms) = postSolution
		{5FB6C6F8-F354-44D4-A082-436FB10F65BE}.Debug|Any CPU.ActiveCfg = Debug|Any CPU
		{5FB6C6F8-F354-44D4-A082-436FB10F65BE}.Release|Any CPU.ActiveCfg = Release|Any CPU
	EndGlobalSection
	GlobalSection(SolutionProperties) = preSolution
		HideSolutionNode = FALSE
	EndGlobalSection
	GlobalSection(ExtensibilityGlobals) = postSolution
		SolutionGuid = {5FC0FAD8-2F57-48AA-8824-BE164473ACE1}
	EndGlobalSection
EndGlobal
